
Microsoft Visual Studio Solution File, Format Version 12.00
Project("{FAE04EC0-301F-11D3-BF4B-00C04F79EFBC}") = "Desktop", "Desktop\Desktop.csproj", "{7E567E34-71E4-4EF1-8297-E3491FD94260}"
EndProject
Global
	GlobalSection(SolutionConfigurationPlatforms) = preSolution
		Debug|Any CPU = Debug|Any CPU
		Release|Any CPU = Release|Any CPU
	EndGlobalSection
	GlobalSection(ProjectConfigurationPlatforms) = postSolution
		{7E567E34-71E4-4EF1-8297-E3491FD94260}.Debug|Any CPU.ActiveCfg = Debug|Any CPU
		{7E567E34-71E4-4EF1-8297-E3491FD94260}.Debug|Any CPU.Build.0 = Debug|Any CPU
		{7E567E34-71E4-4EF1-8297-E3491FD94260}.Release|Any CPU.ActiveCfg = Release|Any CPU
		{7E567E34-71E4-4EF1-8297-E3491FD94260}.Release|Any CPU.Build.0 = Release|Any CPU
	EndGlobalSection
EndGlobal
